// !$*UTF8*$!
{
	archiveVersion = 1;
	classes = {
	};
	objectVersion = 50;
	objects = {

/* Begin PBXBuildFile section */
		00AF676EDE800121D0FF476B /* libPods-Frameworks.geekbrains.a in Frameworks */ = {isa = PBXBuildFile; fileRef = 97FE5470DFAF130B13256A97 /* libPods-Frameworks.geekbrains.a */; };
		606CFA9B2614E1C700F33C4B /* AppDelegate.swift in Sources */ = {isa = PBXBuildFile; fileRef = 606CFA9A2614E1C700F33C4B /* AppDelegate.swift */; };
		606CFA9D2614E1C700F33C4B /* SceneDelegate.swift in Sources */ = {isa = PBXBuildFile; fileRef = 606CFA9C2614E1C700F33C4B /* SceneDelegate.swift */; };
		606CFAA42614E1CA00F33C4B /* Assets.xcassets in Resources */ = {isa = PBXBuildFile; fileRef = 606CFAA32614E1CA00F33C4B /* Assets.xcassets */; };
		606CFAA72614E1CA00F33C4B /* LaunchScreen.storyboard in Resources */ = {isa = PBXBuildFile; fileRef = 606CFAA52614E1CA00F33C4B /* LaunchScreen.storyboard */; };
		606CFAB22614E22300F33C4B /* MapViewController.swift in Sources */ = {isa = PBXBuildFile; fileRef = 606CFAB12614E22300F33C4B /* MapViewController.swift */; };
/* End PBXBuildFile section */

/* Begin PBXFileReference section */
		04058C837D45AB753294D636 /* Pods-Frameworks.geekbrains.debug.xcconfig */ = {isa = PBXFileReference; includeInIndex = 1; lastKnownFileType = text.xcconfig; name = "Pods-Frameworks.geekbrains.debug.xcconfig"; path = "Target Support Files/Pods-Frameworks.geekbrains/Pods-Frameworks.geekbrains.debug.xcconfig"; sourceTree = "<group>"; };
		606CFA972614E1C700F33C4B /* Frameworks.geekbrains.app */ = {isa = PBXFileReference; explicitFileType = wrapper.application; includeInIndex = 0; path = Frameworks.geekbrains.app; sourceTree = BUILT_PRODUCTS_DIR; };
		606CFA9A2614E1C700F33C4B /* AppDelegate.swift */ = {isa = PBXFileReference; lastKnownFileType = sourcecode.swift; path = AppDelegate.swift; sourceTree = "<group>"; };
		606CFA9C2614E1C700F33C4B /* SceneDelegate.swift */ = {isa = PBXFileReference; lastKnownFileType = sourcecode.swift; path = SceneDelegate.swift; sourceTree = "<group>"; };
		606CFAA32614E1CA00F33C4B /* Assets.xcassets */ = {isa = PBXFileReference; lastKnownFileType = folder.assetcatalog; path = Assets.xcassets; sourceTree = "<group>"; };
		606CFAA62614E1CA00F33C4B /* Base */ = {isa = PBXFileReference; lastKnownFileType = file.storyboard; name = Base; path = Base.lproj/LaunchScreen.storyboard; sourceTree = "<group>"; };
		606CFAA82614E1CA00F33C4B /* Info.plist */ = {isa = PBXFileReference; lastKnownFileType = text.plist.xml; path = Info.plist; sourceTree = "<group>"; };
		606CFAB12614E22300F33C4B /* MapViewController.swift */ = {isa = PBXFileReference; lastKnownFileType = sourcecode.swift; path = MapViewController.swift; sourceTree = "<group>"; };
		97FE5470DFAF130B13256A97 /* libPods-Frameworks.geekbrains.a */ = {isa = PBXFileReference; explicitFileType = archive.ar; includeInIndex = 0; path = "libPods-Frameworks.geekbrains.a"; sourceTree = BUILT_PRODUCTS_DIR; };
		9D5D8F7691D2028A23E0D134 /* Pods-Frameworks.geekbrains.release.xcconfig */ = {isa = PBXFileReference; includeInIndex = 1; lastKnownFileType = text.xcconfig; name = "Pods-Frameworks.geekbrains.release.xcconfig"; path = "Target Support Files/Pods-Frameworks.geekbrains/Pods-Frameworks.geekbrains.release.xcconfig"; sourceTree = "<group>"; };
/* End PBXFileReference section */

/* Begin PBXFrameworksBuildPhase section */
		606CFA942614E1C700F33C4B /* Frameworks */ = {
			isa = PBXFrameworksBuildPhase;
			buildActionMask = 2147483647;
			files = (
				00AF676EDE800121D0FF476B /* libPods-Frameworks.geekbrains.a in Frameworks */,
			);
			runOnlyForDeploymentPostprocessing = 0;
		};
/* End PBXFrameworksBuildPhase section */

/* Begin PBXGroup section */
		1A134B8E196E15D71C900020 /* Pods */ = {
			isa = PBXGroup;
			children = (
				04058C837D45AB753294D636 /* Pods-Frameworks.geekbrains.debug.xcconfig */,
				9D5D8F7691D2028A23E0D134 /* Pods-Frameworks.geekbrains.release.xcconfig */,
			);
			name = Pods;
			path = Pods;
			sourceTree = "<group>";
		};
		606CFA8E2614E1C700F33C4B = {
			isa = PBXGroup;
			children = (
				606CFA992614E1C700F33C4B /* Frameworks.geekbrains */,
				606CFA982614E1C700F33C4B /* Products */,
				1A134B8E196E15D71C900020 /* Pods */,
				A78B89D05CC155CC309026EC /* Frameworks */,
			);
			sourceTree = "<group>";
		};
		606CFA982614E1C700F33C4B /* Products */ = {
			isa = PBXGroup;
			children = (
				606CFA972614E1C700F33C4B /* Frameworks.geekbrains.app */,
			);
			name = Products;
			sourceTree = "<group>";
		};
		606CFA992614E1C700F33C4B /* Frameworks.geekbrains */ = {
			isa = PBXGroup;
			children = (
				606CFA9A2614E1C700F33C4B /* AppDelegate.swift */,
				606CFA9C2614E1C700F33C4B /* SceneDelegate.swift */,
				606CFAB12614E22300F33C4B /* MapViewController.swift */,
				606CFAA32614E1CA00F33C4B /* Assets.xcassets */,
				606CFAA52614E1CA00F33C4B /* LaunchScreen.storyboard */,
				606CFAA82614E1CA00F33C4B /* Info.plist */,
			);
			path = Frameworks.geekbrains;
			sourceTree = "<group>";
		};
		A78B89D05CC155CC309026EC /* Frameworks */ = {
			isa = PBXGroup;
			children = (
				97FE5470DFAF130B13256A97 /* libPods-Frameworks.geekbrains.a */,
			);
			name = Frameworks;
			sourceTree = "<group>";
		};
/* End PBXGroup section */

/* Begin PBXNativeTarget section */
		606CFA962614E1C700F33C4B /* Frameworks.geekbrains */ = {
			isa = PBXNativeTarget;
			buildConfigurationList = 606CFAAB2614E1CA00F33C4B /* Build configuration list for PBXNativeTarget "Frameworks.geekbrains" */;
			buildPhases = (
				C996A1B2DEF456E5DF4EE190 /* [CP] Check Pods Manifest.lock */,
				606CFA932614E1C700F33C4B /* Sources */,
				606CFA942614E1C700F33C4B /* Frameworks */,
				606CFA952614E1C700F33C4B /* Resources */,
				A3205CAD4F32878C36B9571A /* [CP] Copy Pods Resources */,
			);
			buildRules = (
			);
			dependencies = (
			);
			name = Frameworks.geekbrains;
			productName = Frameworks.geekbrains;
			productReference = 606CFA972614E1C700F33C4B /* Frameworks.geekbrains.app */;
			productType = "com.apple.product-type.application";
		};
/* End PBXNativeTarget section */

/* Begin PBXProject section */
		606CFA8F2614E1C700F33C4B /* Project object */ = {
			isa = PBXProject;
			attributes = {
				LastSwiftUpdateCheck = 1240;
				LastUpgradeCheck = 1240;
				TargetAttributes = {
					606CFA962614E1C700F33C4B = {
						CreatedOnToolsVersion = 12.4;
					};
				};
			};
			buildConfigurationList = 606CFA922614E1C700F33C4B /* Build configuration list for PBXProject "Frameworks.geekbrains" */;
			compatibilityVersion = "Xcode 9.3";
			developmentRegion = en;
			hasScannedForEncodings = 0;
			knownRegions = (
				en,
				Base,
			);
			mainGroup = 606CFA8E2614E1C700F33C4B;
			productRefGroup = 606CFA982614E1C700F33C4B /* Products */;
			projectDirPath = "";
			projectRoot = "";
			targets = (
				606CFA962614E1C700F33C4B /* Frameworks.geekbrains */,
			);
		};
/* End PBXProject section */

/* Begin PBXResourcesBuildPhase section */
		606CFA952614E1C700F33C4B /* Resources */ = {
			isa = PBXResourcesBuildPhase;
			buildActionMask = 2147483647;
			files = (
				606CFAA72614E1CA00F33C4B /* LaunchScreen.storyboard in Resources */,
				606CFAA42614E1CA00F33C4B /* Assets.xcassets in Resources */,
			);
			runOnlyForDeploymentPostprocessing = 0;
		};
/* End PBXResourcesBuildPhase section */

/* Begin PBXShellScriptBuildPhase section */
		A3205CAD4F32878C36B9571A /* [CP] Copy Pods Resources */ = {
			isa = PBXShellScriptBuildPhase;
			buildActionMask = 2147483647;
			files = (
			);
			inputFileListPaths = (
				"${PODS_ROOT}/Target Support Files/Pods-Frameworks.geekbrains/Pods-Frameworks.geekbrains-resources-${CONFIGURATION}-input-files.xcfilelist",
			);
			name = "[CP] Copy Pods Resources";
			outputFileListPaths = (
				"${PODS_ROOT}/Target Support Files/Pods-Frameworks.geekbrains/Pods-Frameworks.geekbrains-resources-${CONFIGURATION}-output-files.xcfilelist",
			);
			runOnlyForDeploymentPostprocessing = 0;
			shellPath = /bin/sh;
			shellScript = "\"${PODS_ROOT}/Target Support Files/Pods-Frameworks.geekbrains/Pods-Frameworks.geekbrains-resources.sh\"\n";
			showEnvVarsInLog = 0;
		};
		C996A1B2DEF456E5DF4EE190 /* [CP] Check Pods Manifest.lock */ = {
			isa = PBXShellScriptBuildPhase;
			buildActionMask = 2147483647;
			files = (
			);
			inputFileListPaths = (
			);
			inputPaths = (
				"${PODS_PODFILE_DIR_PATH}/Podfile.lock",
				"${PODS_ROOT}/Manifest.lock",
			);
			name = "[CP] Check Pods Manifest.lock";
			outputFileListPaths = (
			);
			outputPaths = (
				"$(DERIVED_FILE_DIR)/Pods-Frameworks.geekbrains-checkManifestLockResult.txt",
			);
			runOnlyForDeploymentPostprocessing = 0;
			shellPath = /bin/sh;
			shellScript = "diff \"${PODS_PODFILE_DIR_PATH}/Podfile.lock\" \"${PODS_ROOT}/Manifest.lock\" > /dev/null\nif [ $? != 0 ] ; then\n    # print error to STDERR\n    echo \"error: The sandbox is not in sync with the Podfile.lock. Run 'pod install' or update your CocoaPods installation.\" >&2\n    exit 1\nfi\n# This output is used by Xcode 'outputs' to avoid re-running this script phase.\necho \"SUCCESS\" > \"${SCRIPT_OUTPUT_FILE_0}\"\n";
			showEnvVarsInLog = 0;
		};
/* End PBXShellScriptBuildPhase section */

/* Begin PBXSourcesBuildPhase section */
		606CFA932614E1C700F33C4B /* Sources */ = {
			isa = PBXSourcesBuildPhase;
			buildActionMask = 2147483647;
			files = (
				606CFA9B2614E1C700F33C4B /* AppDelegate.swift in Sources */,
				606CFAB22614E22300F33C4B /* MapViewController.swift in Sources */,
				606CFA9D2614E1C700F33C4B /* SceneDelegate.swift in Sources */,
			);
			runOnlyForDeploymentPostprocessing = 0;
		};
/* End PBXSourcesBuildPhase section */

/* Begin PBXVariantGroup section */
		606CFAA52614E1CA00F33C4B /* LaunchScreen.storyboard */ = {
			isa = PBXVariantGroup;
			children = (
				606CFAA62614E1CA00F33C4B /* Base */,
			);
			name = LaunchScreen.storyboard;
			sourceTree = "<group>";
		};
/* End PBXVariantGroup section */

/* Begin XCBuildConfiguration section */
		606CFAA92614E1CA00F33C4B /* Debug */ = {
			isa = XCBuildConfiguration;
			buildSettings = {
				ALWAYS_SEARCH_USER_PATHS = NO;
				CLANG_ANALYZER_NONNULL = YES;
				CLANG_ANALYZER_NUMBER_OBJECT_CONVERSION = YES_AGGRESSIVE;
				CLANG_CXX_LANGUAGE_STANDARD = "gnu++14";
				CLANG_CXX_LIBRARY = "libc++";
				CLANG_ENABLE_MODULES = YES;
				CLANG_ENABLE_OBJC_ARC = YES;
				CLANG_ENABLE_OBJC_WEAK = YES;
				CLANG_WARN_BLOCK_CAPTURE_AUTORELEASING = YES;
				CLANG_WARN_BOOL_CONVERSION = YES;
				CLANG_WARN_COMMA = YES;
				CLANG_WARN_CONSTANT_CONVERSION = YES;
				CLANG_WARN_DEPRECATED_OBJC_IMPLEMENTATIONS = YES;
				CLANG_WARN_DIRECT_OBJC_ISA_USAGE = YES_ERROR;
				CLANG_WARN_DOCUMENTATION_COMMENTS = YES;
				CLANG_WARN_EMPTY_BODY = YES;
				CLANG_WARN_ENUM_CONVERSION = YES;
				CLANG_WARN_INFINITE_RECURSION = YES;
				CLANG_WARN_INT_CONVERSION = YES;
				CLANG_WARN_NON_LITERAL_NULL_CONVERSION = YES;
				CLANG_WARN_OBJC_IMPLICIT_RETAIN_SELF = YES;
				CLANG_WARN_OBJC_LITERAL_CONVERSION = YES;
				CLANG_WARN_OBJC_ROOT_CLASS = YES_ERROR;
				CLANG_WARN_QUOTED_INCLUDE_IN_FRAMEWORK_HEADER = YES;
				CLANG_WARN_RANGE_LOOP_ANALYSIS = YES;
				CLANG_WARN_STRICT_PROTOTYPES = YES;
				CLANG_WARN_SUSPICIOUS_MOVE = YES;
				CLANG_WARN_UNGUARDED_AVAILABILITY = YES_AGGRESSIVE;
				CLANG_WARN_UNREACHABLE_CODE = YES;
				CLANG_WARN__DUPLICATE_METHOD_MATCH = YES;
				COPY_PHASE_STRIP = NO;
				DEBUG_INFORMATION_FORMAT = dwarf;
				ENABLE_STRICT_OBJC_MSGSEND = YES;
				ENABLE_TESTABILITY = YES;
				GCC_C_LANGUAGE_STANDARD = gnu11;
				GCC_DYNAMIC_NO_PIC = NO;
				GCC_NO_COMMON_BLOCKS = YES;
				GCC_OPTIMIZATION_LEVEL = 0;
				GCC_PREPROCESSOR_DEFINITIONS = (
					"DEBUG=1",
					"$(inherited)",
				);
				GCC_WARN_64_TO_32_BIT_CONVERSION = YES;
				GCC_WARN_ABOUT_RETURN_TYPE = YES_ERROR;
				GCC_WARN_UNDECLARED_SELECTOR = YES;
				GCC_WARN_UNINITIALIZED_AUTOS = YES_AGGRESSIVE;
				GCC_WARN_UNUSED_FUNCTION = YES;
				GCC_WARN_UNUSED_VARIABLE = YES;
				IPHONEOS_DEPLOYMENT_TARGET = 14.4;
				MTL_ENABLE_DEBUG_INFO = INCLUDE_SOURCE;
				MTL_FAST_MATH = YES;
				ONLY_ACTIVE_ARCH = YES;
				SDKROOT = iphoneos;
				SWIFT_ACTIVE_COMPILATION_CONDITIONS = DEBUG;
				SWIFT_OPTIMIZATION_LEVEL = "-Onone";
			};
			name = Debug;
		};
		606CFAAA2614E1CA00F33C4B /* Release */ = {
			isa = XCBuildConfiguration;
			buildSettings = {
				ALWAYS_SEARCH_USER_PATHS = NO;
				CLANG_ANALYZER_NONNULL = YES;
				CLANG_ANALYZER_NUMBER_OBJECT_CONVERSION = YES_AGGRESSIVE;
				CLANG_CXX_LANGUAGE_STANDARD = "gnu++14";
				CLANG_CXX_LIBRARY = "libc++";
				CLANG_ENABLE_MODULES = YES;
				CLANG_ENABLE_OBJC_ARC = YES;
				CLANG_ENABLE_OBJC_WEAK = YES;
				CLANG_WARN_BLOCK_CAPTURE_AUTORELEASING = YES;
				CLANG_WARN_BOOL_CONVERSION = YES;
				CLANG_WARN_COMMA = YES;
				CLANG_WARN_CONSTANT_CONVERSION = YES;
				CLANG_WARN_DEPRECATED_OBJC_IMPLEMENTATIONS = YES;
				CLANG_WARN_DIRECT_OBJC_ISA_USAGE = YES_ERROR;
				CLANG_WARN_DOCUMENTATION_COMMENTS = YES;
				CLANG_WARN_EMPTY_BODY = YES;
				CLANG_WARN_ENUM_CONVERSION = YES;
				CLANG_WARN_INFINITE_RECURSION = YES;
				CLANG_WARN_INT_CONVERSION = YES;
				CLANG_WARN_NON_LITERAL_NULL_CONVERSION = YES;
				CLANG_WARN_OBJC_IMPLICIT_RETAIN_SELF = YES;
				CLANG_WARN_OBJC_LITERAL_CONVERSION = YES;
				CLANG_WARN_OBJC_ROOT_CLASS = YES_ERROR;
				CLANG_WARN_QUOTED_INCLUDE_IN_FRAMEWORK_HEADER = YES;
				CLANG_WARN_RANGE_LOOP_ANALYSIS = YES;
				CLANG_WARN_STRICT_PROTOTYPES = YES;
				CLANG_WARN_SUSPICIOUS_MOVE = YES;
				CLANG_WARN_UNGUARDED_AVAILABILITY = YES_AGGRESSIVE;
				CLANG_WARN_UNREACHABLE_CODE = YES;
				CLANG_WARN__DUPLICATE_METHOD_MATCH = YES;
				COPY_PHASE_STRIP = NO;
				DEBUG_INFORMATION_FORMAT = "dwarf-with-dsym";
				ENABLE_NS_ASSERTIONS = NO;
				ENABLE_STRICT_OBJC_MSGSEND = YES;
				GCC_C_LANGUAGE_STANDARD = gnu11;
				GCC_NO_COMMON_BLOCKS = YES;
				GCC_WARN_64_TO_32_BIT_CONVERSION = YES;
				GCC_WARN_ABOUT_RETURN_TYPE = YES_ERROR;
				GCC_WARN_UNDECLARED_SELECTOR = YES;
				GCC_WARN_UNINITIALIZED_AUTOS = YES_AGGRESSIVE;
				GCC_WARN_UNUSED_FUNCTION = YES;
				GCC_WARN_UNUSED_VARIABLE = YES;
				IPHONEOS_DEPLOYMENT_TARGET = 14.4;
				MTL_ENABLE_DEBUG_INFO = NO;
				MTL_FAST_MATH = YES;
				SDKROOT = iphoneos;
				SWIFT_COMPILATION_MODE = wholemodule;
				SWIFT_OPTIMIZATION_LEVEL = "-O";
				VALIDATE_PRODUCT = YES;
			};
			name = Release;
		};
		606CFAAC2614E1CA00F33C4B /* Debug */ = {
			isa = XCBuildConfiguration;
			baseConfigurationReference = 04058C837D45AB753294D636 /* Pods-Frameworks.geekbrains.debug.xcconfig */;
			buildSettings = {
				ASSETCATALOG_COMPILER_APPICON_NAME = AppIcon;
				ASSETCATALOG_COMPILER_GLOBAL_ACCENT_COLOR_NAME = AccentColor;
				CODE_SIGN_STYLE = Automatic;
				DEVELOPMENT_TEAM = JCV48HS79W;
				INFOPLIST_FILE = Frameworks.geekbrains/Info.plist;
				LD_RUNPATH_SEARCH_PATHS = (
					"$(inherited)",
					"@executable_path/Frameworks",
				);
				PRODUCT_BUNDLE_IDENTIFIER = "Nikolai-Ivanov.Frameworks-geekbrains";
				PRODUCT_NAME = "$(TARGET_NAME)";
				SWIFT_VERSION = 5.0;
				TARGETED_DEVICE_FAMILY = "1,2";
			};
			name = Debug;
		};
		606CFAAD2614E1CA00F33C4B /* Release */ = {
			isa = XCBuildConfiguration;
			baseConfigurationReference = 9D5D8F7691D2028A23E0D134 /* Pods-Frameworks.geekbrains.release.xcconfig */;
			buildSettings = {
				ASSETCATALOG_COMPILER_APPICON_NAME = AppIcon;
				ASSETCATALOG_COMPILER_GLOBAL_ACCENT_COLOR_NAME = AccentColor;
				CODE_SIGN_STYLE = Automatic;
				DEVELOPMENT_TEAM = JCV48HS79W;
				INFOPLIST_FILE = Frameworks.geekbrains/Info.plist;
				LD_RUNPATH_SEARCH_PATHS = (
					"$(inherited)",
					"@executable_path/Frameworks",
				);
				PRODUCT_BUNDLE_IDENTIFIER = "Nikolai-Ivanov.Frameworks-geekbrains";
				PRODUCT_NAME = "$(TARGET_NAME)";
				SWIFT_VERSION = 5.0;
				TARGETED_DEVICE_FAMILY = "1,2";
			};
			name = Release;
		};
/* End XCBuildConfiguration section */

/* Begin XCConfigurationList section */
		606CFA922614E1C700F33C4B /* Build configuration list for PBXProject "Frameworks.geekbrains" */ = {
			isa = XCConfigurationList;
			buildConfigurations = (
				606CFAA92614E1CA00F33C4B /* Debug */,
				606CFAAA2614E1CA00F33C4B /* Release */,
			);
			defaultConfigurationIsVisible = 0;
			defaultConfigurationName = Release;
		};
		606CFAAB2614E1CA00F33C4B /* Build configuration list for PBXNativeTarget "Frameworks.geekbrains" */ = {
			isa = XCConfigurationList;
			buildConfigurations = (
				606CFAAC2614E1CA00F33C4B /* Debug */,
				606CFAAD2614E1CA00F33C4B /* Release */,
			);
			defaultConfigurationIsVisible = 0;
			defaultConfigurationName = Release;
		};
/* End XCConfigurationList section */
	};
	rootObject = 606CFA8F2614E1C700F33C4B /* Project object */;
}
