// !$*UTF8*$!
{
	archiveVersion = 1;
	classes = {
	};
	objectVersion = 50;
	objects = {

/* Begin PBXBuildFile section */
		606CFA9B2614E1C700F33C4B /* AppDelegate.swift in Sources */ = {isa = PBXBuildFile; fileRef = 606CFA9A2614E1C700F33C4B /* AppDelegate.swift */; };
		606CFA9D2614E1C700F33C4B /* SceneDelegate.swift in Sources */ = {isa = PBXBuildFile; fileRef = 606CFA9C2614E1C700F33C4B /* SceneDelegate.swift */; };
		606CFA9F2614E1C700F33C4B /* ViewController.swift in Sources */ = {isa = PBXBuildFile; fileRef = 606CFA9E2614E1C700F33C4B /* ViewController.swift */; };
		606CFAA22614E1C700F33C4B /* Main.storyboard in Resources */ = {isa = PBXBuildFile; fileRef = 606CFAA02614E1C700F33C4B /* Main.storyboard */; };
		606CFAA42614E1CA00F33C4B /* Assets.xcassets in Resources */ = {isa = PBXBuildFile; fileRef = 606CFAA32614E1CA00F33C4B /* Assets.xcassets */; };
		606CFAA72614E1CA00F33C4B /* LaunchScreen.storyboard in Resources */ = {isa = PBXBuildFile; fileRef = 606CFAA52614E1CA00F33C4B /* LaunchScreen.storyboard */; };
/* End PBXBuildFile section */

/* Begin PBXFileReference section */
		606CFA972614E1C700F33C4B /* Frameworks.geekbrains.app */ = {isa = PBXFileReference; explicitFileType = wrapper.application; includeInIndex = 0; path = Frameworks.geekbrains.app; sourceTree = BUILT_PRODUCTS_DIR; };
		606CFA9A2614E1C700F33C4B /* AppDelegate.swift */ = {isa = PBXFileReference; lastKnownFileType = sourcecode.swift; path = AppDelegate.swift; sourceTree = "<group>"; };
		606CFA9C2614E1C700F33C4B /* SceneDelegate.swift */ = {isa = PBXFileReference; lastKnownFileType = sourcecode.swift; path = SceneDelegate.swift; sourceTree = "<group>"; };
		606CFA9E2614E1C700F33C4B /* ViewController.swift */ = {isa = PBXFileReference; lastKnownFileType = sourcecode.swift; path = ViewController.swift; sourceTree = "<group>"; };
		606CFAA12614E1C700F33C4B /* Base */ = {isa = PBXFileReference; lastKnownFileType = file.storyboard; name = Base; path = Base.lproj/Main.storyboard; sourceTree = "<group>"; };
		606CFAA32614E1CA00F33C4B /* Assets.xcassets */ = {isa = PBXFileReference; lastKnownFileType = folder.assetcatalog; path = Assets.xcassets; sourceTree = "<group>"; };
		606CFAA62614E1CA00F33C4B /* Base */ = {isa = PBXFileReference; lastKnownFileType = file.storyboard; name = Base; path = Base.lproj/LaunchScreen.storyboard; sourceTree = "<group>"; };
		606CFAA82614E1CA00F33C4B /* Info.plist */ = {isa = PBXFileReference; lastKnownFileType = text.plist.xml; path = Info.plist; sourceTree = "<group>"; };
/* End PBXFileReference section */

/* Begin PBXFrameworksBuildPhase section */
		606CFA942614E1C700F33C4B /* Frameworks */ = {
			isa = PBXFrameworksBuildPhase;
			buildActionMask = 2147483647;
			files = (
			);
			runOnlyForDeploymentPostprocessing = 0;
		};
/* End PBXFrameworksBuildPhase section */

/* Begin PBXGroup section */
		606CFA8E2614E1C700F33C4B = {
			isa = PBXGroup;
			children = (
				606CFA992614E1C700F33C4B /* Frameworks.geekbrains */,
				606CFA982614E1C700F33C4B /* Products */,
			);
			sourceTree = "<group>";
		};
		606CFA982614E1C700F33C4B /* Products */ = {
			isa = PBXGroup;
			children = (
				606CFA972614E1C700F33C4B /* Frameworks.geekbrains.app */,
			);
			name = Products;
			sourceTree = "<group>";
		};
		606CFA992614E1C700F33C4B /* Frameworks.geekbrains */ = {
			isa = PBXGroup;
			children = (
				606CFA9A2614E1C700F33C4B /* AppDelegate.swift */,
				606CFA9C2614E1C700F33C4B /* SceneDelegate.swift */,
				606CFA9E2614E1C700F33C4B /* ViewController.swift */,
				606CFAA02614E1C700F33C4B /* Main.storyboard */,
				606CFAA32614E1CA00F33C4B /* Assets.xcassets */,
				606CFAA52614E1CA00F33C4B /* LaunchScreen.storyboard */,
				606CFAA82614E1CA00F33C4B /* Info.plist */,
			);
			path = Frameworks.geekbrains;
			sourceTree = "<group>";
		};
/* End PBXGroup section */

/* Begin PBXNativeTarget section */
		606CFA962614E1C700F33C4B /* Frameworks.geekbrains */ = {
			isa = PBXNativeTarget;
			buildConfigurationList = 606CFAAB2614E1CA00F33C4B /* Build configuration list for PBXNativeTarget "Frameworks.geekbrains" */;
			buildPhases = (
				606CFA932614E1C700F33C4B /* Sources */,
				606CFA942614E1C700F33C4B /* Frameworks */,
				606CFA952614E1C700F33C4B /* Resources */,
			);
			buildRules = (
			);
			dependencies = (
			);
			name = Frameworks.geekbrains;
			productName = Frameworks.geekbrains;
			productReference = 606CFA972614E1C700F33C4B /* Frameworks.geekbrains.app */;
			productType = "com.apple.product-type.application";
		};
/* End PBXNativeTarget section */

/* Begin PBXProject section */
		606CFA8F2614E1C700F33C4B /* Project object */ = {
			isa = PBXProject;
			attributes = {
				LastSwiftUpdateCheck = 1240;
				LastUpgradeCheck = 1240;
				TargetAttributes = {
					606CFA962614E1C700F33C4B = {
						CreatedOnToolsVersion = 12.4;
					};
				};
			};
			buildConfigurationList = 606CFA922614E1C700F33C4B /* Build configuration list for PBXProject "Frameworks.geekbrains" */;
			compatibilityVersion = "Xcode 9.3";
			developmentRegion = en;
			hasScannedForEncodings = 0;
			knownRegions = (
				en,
				Base,
			);
			mainGroup = 606CFA8E2614E1C700F33C4B;
			productRefGroup = 606CFA982614E1C700F33C4B /* Products */;
			projectDirPath = "";
			projectRoot = "";
			targets = (
				606CFA962614E1C700F33C4B /* Frameworks.geekbrains */,
			);
		};
/* End PBXProject section */

/* Begin PBXResourcesBuildPhase section */
		606CFA952614E1C700F33C4B /* Resources */ = {
			isa = PBXResourcesBuildPhase;
			buildActionMask = 2147483647;
			files = (
				606CFAA72614E1CA00F33C4B /* LaunchScreen.storyboard in Resources */,
				606CFAA42614E1CA00F33C4B /* Assets.xcassets in Resources */,
				606CFAA22614E1C700F33C4B /* Main.storyboard in Resources */,
			);
			runOnlyForDeploymentPostprocessing = 0;
		};
/* End PBXResourcesBuildPhase section */

/* Begin PBXSourcesBuildPhase section */
		606CFA932614E1C700F33C4B /* Sources */ = {
			isa = PBXSourcesBuildPhase;
			buildActionMask = 2147483647;
			files = (
				606CFA9F2614E1C700F33C4B /* ViewController.swift in Sources */,
				606CFA9B2614E1C700F33C4B /* AppDelegate.swift in Sources */,
				606CFA9D2614E1C700F33C4B /* SceneDelegate.swift in Sources */,
			);
			runOnlyForDeploymentPostprocessing = 0;
		};
/* End PBXSourcesBuildPhase section */

/* Begin PBXVariantGroup section */
		606CFAA02614E1C700F33C4B /* Main.storyboard */ = {
			isa = PBXVariantGroup;
			children = (
				606CFAA12614E1C700F33C4B /* Base */,
			);
			name = Main.storyboard;
			sourceTree = "<group>";
		};
		606CFAA52614E1CA00F33C4B /* LaunchScreen.storyboard */ = {
			isa = PBXVariantGroup;
			children = (
				606CFAA62614E1CA00F33C4B /* Base */,
			);
			name = LaunchScreen.storyboard;
			sourceTree = "<group>";
		};
/* End PBXVariantGroup section */

/* Begin XCBuildConfiguration section */
		606CFAA92614E1CA00F33C4B /* Debug */ = {
			isa = XCBuildConfiguration;
			buildSettings = {
				ALWAYS_SEARCH_USER_PATHS = NO;
				CLANG_ANALYZER_NONNULL = YES;
				CLANG_ANALYZER_NUMBER_OBJECT_CONVERSION = YES_AGGRESSIVE;
				CLANG_CXX_LANGUAGE_STANDARD = "gnu++14";
				CLANG_CXX_LIBRARY = "libc++";
				CLANG_ENABLE_MODULES = YES;
				CLANG_ENABLE_OBJC_ARC = YES;
				CLANG_ENABLE_OBJC_WEAK = YES;
				CLANG_WARN_BLOCK_CAPTURE_AUTORELEASING = YES;
				CLANG_WARN_BOOL_CONVERSION = YES;
				CLANG_WARN_COMMA = YES;
				CLANG_WARN_CONSTANT_CONVERSION = YES;
				CLANG_WARN_DEPRECATED_OBJC_IMPLEMENTATIONS = YES;
				CLANG_WARN_DIRECT_OBJC_ISA_USAGE = YES_ERROR;
				CLANG_WARN_DOCUMENTATION_COMMENTS = YES;
				CLANG_WARN_EMPTY_BODY = YES;
				CLANG_WARN_ENUM_CONVERSION = YES;
				CLANG_WARN_INFINITE_RECURSION = YES;
				CLANG_WARN_INT_CONVERSION = YES;
				CLANG_WARN_NON_LITERAL_NULL_CONVERSION = YES;
				CLANG_WARN_OBJC_IMPLICIT_RETAIN_SELF = YES;
				CLANG_WARN_OBJC_LITERAL_CONVERSION = YES;
				CLANG_WARN_OBJC_ROOT_CLASS = YES_ERROR;
				CLANG_WARN_QUOTED_INCLUDE_IN_FRAMEWORK_HEADER = YES;
				CLANG_WARN_RANGE_LOOP_ANALYSIS = YES;
				CLANG_WARN_STRICT_PROTOTYPES = YES;
				CLANG_WARN_SUSPICIOUS_MOVE = YES;
				CLANG_WARN_UNGUARDED_AVAILABILITY = YES_AGGRESSIVE;
				CLANG_WARN_UNREACHABLE_CODE = YES;
				CLANG_WARN__DUPLICATE_METHOD_MATCH = YES;
				COPY_PHASE_STRIP = NO;
				DEBUG_INFORMATION_FORMAT = dwarf;
				ENABLE_STRICT_OBJC_MSGSEND = YES;
				ENABLE_TESTABILITY = YES;
				GCC_C_LANGUAGE_STANDARD = gnu11;
				GCC_DYNAMIC_NO_PIC = NO;
				GCC_NO_COMMON_BLOCKS = YES;
				GCC_OPTIMIZATION_LEVEL = 0;
				GCC_PREPROCESSOR_DEFINITIONS = (
					"DEBUG=1",
					"$(inherited)",
				);
				GCC_WARN_64_TO_32_BIT_CONVERSION = YES;
				GCC_WARN_ABOUT_RETURN_TYPE = YES_ERROR;
				GCC_WARN_UNDECLARED_SELECTOR = YES;
				GCC_WARN_UNINITIALIZED_AUTOS = YES_AGGRESSIVE;
				GCC_WARN_UNUSED_FUNCTION = YES;
				GCC_WARN_UNUSED_VARIABLE = YES;
				IPHONEOS_DEPLOYMENT_TARGET = 14.4;
				MTL_ENABLE_DEBUG_INFO = INCLUDE_SOURCE;
				MTL_FAST_MATH = YES;
				ONLY_ACTIVE_ARCH = YES;
				SDKROOT = iphoneos;
				SWIFT_ACTIVE_COMPILATION_CONDITIONS = DEBUG;
				SWIFT_OPTIMIZATION_LEVEL = "-Onone";
			};
			name = Debug;
		};
		606CFAAA2614E1CA00F33C4B /* Release */ = {
			isa = XCBuildConfiguration;
			buildSettings = {
				ALWAYS_SEARCH_USER_PATHS = NO;
				CLANG_ANALYZER_NONNULL = YES;
				CLANG_ANALYZER_NUMBER_OBJECT_CONVERSION = YES_AGGRESSIVE;
				CLANG_CXX_LANGUAGE_STANDARD = "gnu++14";
				CLANG_CXX_LIBRARY = "libc++";
				CLANG_ENABLE_MODULES = YES;
				CLANG_ENABLE_OBJC_ARC = YES;
				CLANG_ENABLE_OBJC_WEAK = YES;
				CLANG_WARN_BLOCK_CAPTURE_AUTORELEASING = YES;
				CLANG_WARN_BOOL_CONVERSION = YES;
				CLANG_WARN_COMMA = YES;
				CLANG_WARN_CONSTANT_CONVERSION = YES;
				CLANG_WARN_DEPRECATED_OBJC_IMPLEMENTATIONS = YES;
				CLANG_WARN_DIRECT_OBJC_ISA_USAGE = YES_ERROR;
				CLANG_WARN_DOCUMENTATION_COMMENTS = YES;
				CLANG_WARN_EMPTY_BODY = YES;
				CLANG_WARN_ENUM_CONVERSION = YES;
				CLANG_WARN_INFINITE_RECURSION = YES;
				CLANG_WARN_INT_CONVERSION = YES;
				CLANG_WARN_NON_LITERAL_NULL_CONVERSION = YES;
				CLANG_WARN_OBJC_IMPLICIT_RETAIN_SELF = YES;
				CLANG_WARN_OBJC_LITERAL_CONVERSION = YES;
				CLANG_WARN_OBJC_ROOT_CLASS = YES_ERROR;
				CLANG_WARN_QUOTED_INCLUDE_IN_FRAMEWORK_HEADER = YES;
				CLANG_WARN_RANGE_LOOP_ANALYSIS = YES;
				CLANG_WARN_STRICT_PROTOTYPES = YES;
				CLANG_WARN_SUSPICIOUS_MOVE = YES;
				CLANG_WARN_UNGUARDED_AVAILABILITY = YES_AGGRESSIVE;
				CLANG_WARN_UNREACHABLE_CODE = YES;
				CLANG_WARN__DUPLICATE_METHOD_MATCH = YES;
				COPY_PHASE_STRIP = NO;
				DEBUG_INFORMATION_FORMAT = "dwarf-with-dsym";
				ENABLE_NS_ASSERTIONS = NO;
				ENABLE_STRICT_OBJC_MSGSEND = YES;
				GCC_C_LANGUAGE_STANDARD = gnu11;
				GCC_NO_COMMON_BLOCKS = YES;
				GCC_WARN_64_TO_32_BIT_CONVERSION = YES;
				GCC_WARN_ABOUT_RETURN_TYPE = YES_ERROR;
				GCC_WARN_UNDECLARED_SELECTOR = YES;
				GCC_WARN_UNINITIALIZED_AUTOS = YES_AGGRESSIVE;
				GCC_WARN_UNUSED_FUNCTION = YES;
				GCC_WARN_UNUSED_VARIABLE = YES;
				IPHONEOS_DEPLOYMENT_TARGET = 14.4;
				MTL_ENABLE_DEBUG_INFO = NO;
				MTL_FAST_MATH = YES;
				SDKROOT = iphoneos;
				SWIFT_COMPILATION_MODE = wholemodule;
				SWIFT_OPTIMIZATION_LEVEL = "-O";
				VALIDATE_PRODUCT = YES;
			};
			name = Release;
		};
		606CFAAC2614E1CA00F33C4B /* Debug */ = {
			isa = XCBuildConfiguration;
			buildSettings = {
				ASSETCATALOG_COMPILER_APPICON_NAME = AppIcon;
				ASSETCATALOG_COMPILER_GLOBAL_ACCENT_COLOR_NAME = AccentColor;
				CODE_SIGN_STYLE = Automatic;
				DEVELOPMENT_TEAM = JCV48HS79W;
				INFOPLIST_FILE = Frameworks.geekbrains/Info.plist;
				LD_RUNPATH_SEARCH_PATHS = (
					"$(inherited)",
					"@executable_path/Frameworks",
				);
				PRODUCT_BUNDLE_IDENTIFIER = "Nikolai-Ivanov.Frameworks-geekbrains";
				PRODUCT_NAME = "$(TARGET_NAME)";
				SWIFT_VERSION = 5.0;
				TARGETED_DEVICE_FAMILY = "1,2";
			};
			name = Debug;
		};
		606CFAAD2614E1CA00F33C4B /* Release */ = {
			isa = XCBuildConfiguration;
			buildSettings = {
				ASSETCATALOG_COMPILER_APPICON_NAME = AppIcon;
				ASSETCATALOG_COMPILER_GLOBAL_ACCENT_COLOR_NAME = AccentColor;
				CODE_SIGN_STYLE = Automatic;
				DEVELOPMENT_TEAM = JCV48HS79W;
				INFOPLIST_FILE = Frameworks.geekbrains/Info.plist;
				LD_RUNPATH_SEARCH_PATHS = (
					"$(inherited)",
					"@executable_path/Frameworks",
				);
				PRODUCT_BUNDLE_IDENTIFIER = "Nikolai-Ivanov.Frameworks-geekbrains";
				PRODUCT_NAME = "$(TARGET_NAME)";
				SWIFT_VERSION = 5.0;
				TARGETED_DEVICE_FAMILY = "1,2";
			};
			name = Release;
		};
/* End XCBuildConfiguration section */

/* Begin XCConfigurationList section */
		606CFA922614E1C700F33C4B /* Build configuration list for PBXProject "Frameworks.geekbrains" */ = {
			isa = XCConfigurationList;
			buildConfigurations = (
				606CFAA92614E1CA00F33C4B /* Debug */,
				606CFAAA2614E1CA00F33C4B /* Release */,
			);
			defaultConfigurationIsVisible = 0;
			defaultConfigurationName = Release;
		};
		606CFAAB2614E1CA00F33C4B /* Build configuration list for PBXNativeTarget "Frameworks.geekbrains" */ = {
			isa = XCConfigurationList;
			buildConfigurations = (
				606CFAAC2614E1CA00F33C4B /* Debug */,
				606CFAAD2614E1CA00F33C4B /* Release */,
			);
			defaultConfigurationIsVisible = 0;
			defaultConfigurationName = Release;
		};
/* End XCConfigurationList section */
	};
	rootObject = 606CFA8F2614E1C700F33C4B /* Project object */;
}
